
Microsoft Visual Studio Solution File, Format Version 12.00
# Visual Studio 15
Project("{FAE04EC0-301F-11D3-BF4B-00C04F79EFBC}") = "Assembly-CSharp", "Assembly-CSharp.csproj", "{4FB2CCB9-1174-4BB2-321E-3E31B3637C6F}"
EndProject
Global
	GlobalSection(SolutionConfigurationPlatforms) = preSolution
		Debug|Any CPU = Debug|Any CPU
		Release|Any CPU = Release|Any CPU
	EndGlobalSection
	GlobalSection(ProjectConfigurationPlatforms) = postSolution
		{4FB2CCB9-1174-4BB2-321E-3E31B3637C6F}.Debug|Any CPU.ActiveCfg = Debug|Any CPU
		{4FB2CCB9-1174-4BB2-321E-3E31B3637C6F}.Debug|Any CPU.Build.0 = Debug|Any CPU
		{4FB2CCB9-1174-4BB2-321E-3E31B3637C6F}.Release|Any CPU.ActiveCfg = Release|Any CPU
		{4FB2CCB9-1174-4BB2-321E-3E31B3637C6F}.Release|Any CPU.Build.0 = Release|Any CPU
	EndGlobalSection
	GlobalSection(SolutionProperties) = preSolution
		HideSolutionNode = FALSE
	EndGlobalSection
EndGlobal
